Microsoft Visual Studio Solution File, Format Version 12.00
Project("{FAE04EC0-301F-11D3-BF4B-00C04F79EFBC}") = "HVM", "src\HVM\HVM.csproj", "{B47C92AE-51B9-4D8B-B580-B17C6C995893}"
EndProject
Project("{FAE04EC0-301F-11D3-BF4B-00C04F79EFBC}") = "HVM.Experiments", "src\HVM.Experiments\HVM.Experiments.csproj", "{527211FA-FB1C-431A-95A2-3D1C20772E96}"
EndProject
Global
	GlobalSection(SolutionConfigurationPlatforms) = preSolution
		Debug|Any CPU = Debug|Any CPU
		Release|Any CPU = Release|Any CPU
	EndGlobalSection
	GlobalSection(ProjectConfigurationPlatforms) = postSolution
		{B47C92AE-51B9-4D8B-B580-B17C6C995893}.Debug|Any CPU.ActiveCfg = Debug|Any CPU
		{B47C92AE-51B9-4D8B-B580-B17C6C995893}.Debug|Any CPU.Build.0 = Debug|Any CPU
		{B47C92AE-51B9-4D8B-B580-B17C6C995893}.Release|Any CPU.ActiveCfg = Release|Any CPU
		{B47C92AE-51B9-4D8B-B580-B17C6C995893}.Release|Any CPU.Build.0 = Release|Any CPU
		{527211FA-FB1C-431A-95A2-3D1C20772E96}.Debug|Any CPU.ActiveCfg = Debug|Any CPU
		{527211FA-FB1C-431A-95A2-3D1C20772E96}.Debug|Any CPU.Build.0 = Debug|Any CPU
		{527211FA-FB1C-431A-95A2-3D1C20772E96}.Release|Any CPU.ActiveCfg = Release|Any CPU
		{527211FA-FB1C-431A-95A2-3D1C20772E96}.Release|Any CPU.Build.0 = Release|Any CPU
	EndGlobalSection
EndGlobal
